
Microsoft Visual Studio Solution File, Format Version 12.00
# Visual Studio Version 16
VisualStudioVersion = 16.0.29613.14
MinimumVisualStudioVersion = 10.0.40219.1
Project("{FAE04EC0-301F-11D3-BF4B-00C04F79EFBC}") = "RoundRect", "RoundRect\RoundRect.csproj", "{280A4DD6-8A1C-4E00-A219-F54EDFC738A5}"
EndProject
Project("{FAE04EC0-301F-11D3-BF4B-00C04F79EFBC}") = "WindowsFormsApp1", "WindowsFormsApp1\WindowsFormsApp1.csproj", "{010CEAE4-6E96-4E2E-AE7F-8BB809B03D87}"
EndProject
Global
	GlobalSection(SolutionConfigurationPlatforms) = preSolution
		Debug|Any CPU = Debug|Any CPU
		Release|Any CPU = Release|Any CPU
	EndGlobalSection
	GlobalSection(ProjectConfigurationPlatforms) = postSolution
		{280A4DD6-8A1C-4E00-A219-F54EDFC738A5}.Debug|Any CPU.ActiveCfg = Debug|Any CPU
		{280A4DD6-8A1C-4E00-A219-F54EDFC738A5}.Debug|Any CPU.Build.0 = Debug|Any CPU
		{280A4DD6-8A1C-4E00-A219-F54EDFC738A5}.Release|Any CPU.ActiveCfg = Release|Any CPU
		{280A4DD6-8A1C-4E00-A219-F54EDFC738A5}.Release|Any CPU.Build.0 = Release|Any CPU
		{010CEAE4-6E96-4E2E-AE7F-8BB809B03D87}.Debug|Any CPU.ActiveCfg = Debug|Any CPU
		{010CEAE4-6E96-4E2E-AE7F-8BB809B03D87}.Debug|Any CPU.Build.0 = Debug|Any CPU
		{010CEAE4-6E96-4E2E-AE7F-8BB809B03D87}.Release|Any CPU.ActiveCfg = Release|Any CPU
		{010CEAE4-6E96-4E2E-AE7F-8BB809B03D87}.Release|Any CPU.Build.0 = Release|Any CPU
	EndGlobalSection
	GlobalSection(SolutionProperties) = preSolution
		HideSolutionNode = FALSE
	EndGlobalSection
	GlobalSection(ExtensibilityGlobals) = postSolution
		SolutionGuid = {B8587B8A-EEF5-4009-A7DF-B3042565B80E}
	EndGlobalSection
EndGlobal
